{
  "requires": true,
  "lockfileVersion": 1,
  "dependencies": {
    "baconjs": {
      "version": "3.0.15",
      "resolved": "https://registry.npmjs.org/baconjs/-/baconjs-3.0.15.tgz",
      "integrity": "sha512-s0fn7zkpYWOYGbOxMJzizKsZXTGIj1dLtXM/LirlWbryjt3ERt4reiIHs9Hb8qyYeOOTb2GCgIU3pemfJPKr0w=="
    },
    "highland": {
      "version": "2.13.5",
      "resolved": "https://registry.npmjs.org/highland/-/highland-2.13.5.tgz",
      "integrity": "sha512-dn2flPapIIAa4BtkB2ahjshg8iSJtrJtdhEb9/oiOrS5HMQTR/GuhFpqJ+11YBdtnl3AwWKvbZd1Uxr8uAmA7A==",
      "requires": {
        "util-deprecate": "^1.0.2"
      }
    },
    "util-deprecate": {
      "version": "1.0.2",
      "resolved": "https://registry.npmjs.org/util-deprecate/-/util-deprecate-1.0.2.tgz",
      "integrity": "sha1-RQ1Nyfpw3nMnYvvS1KKJgUGaDM8="
    }
  }
}
